{
  "originHash" : "12ff6f22c052ef2f8ee945e66f2e0c804d7335acec3106e944393c8de482f26f",
  "pins" : [
    {
      "identity" : "cwdecode",
      "kind" : "remoteSourceControl",
      "location" : "https://github.com/captobie/cwdecode",
      "state" : {
        "revision" : "52ea1512e2c93cc6d9d6d30aebc74a829da64bf6",
        "version" : "0.1.0"
      }
    },
    {
      "identity" : "sparkle",
      "kind" : "remoteSourceControl",
      "location" : "https://github.com/sparkle-project/Sparkle",
      "state" : {
        "revision" : "eef1a539a373c1f1a320624b1130fc5de7b2e100",
        "version" : "2.10.0"
      }
    }
  ],
  "version" : 3
}
